# This file is autogenerated, do not edit; changes may be undone by the next 'dep ensure'.


[[projects]]
  digest = "1:d166a4b3543a71d87e34767ace94e8b516e79ba45111730306f07c8d6f797f1f"
  name = "github.com/joho/godotenv"
  packages = ["."]
  pruneopts = "UT"
  revision = "1709ab122c988931ad53508747b3c061400c2984"

[[projects]]
  digest = "1:7fa2c91c6b85e6dffdba59a2679312025c33578cdef6ee218f3c26c5b1ea817b"
  name = "github.com/matoous/go-nanoid"
  packages = ["."]
  pruneopts = "UT"
  revision = "958d370425a1ea42a4dd3c67d15bf02554a16b82"

[[projects]]
  digest = "1:4f43b3c1b7e44980a5f3c593f8bf0e18844dc44f451a071c93e77e28cf990db6"
  name = "github.com/pkg/term"
  packages = ["termios"]
  pruneopts = "UT"
  revision = "b1f72af2d63057363398bec5873d16a98b453312"

[[projects]]
  digest = "1:36e8440c31079d74414fd18f6b4ec10282f60c4abf3678ae3de48ab73010f532"
  name = "golang.org/x/sys"
  packages = ["unix"]
  pruneopts = "UT"
  revision = "d75a52659825e75fff6158388dddc6a5b04f9ba5"

[[projects]]
  digest = "1:01d3c3dfb7ef9da24cd00cbd5b9e2c147fa7a3f44a83028bc737da9cac7ed60b"
  name = "gopkg.in/urfave/cli.v1"
  packages = ["."]
  pruneopts = "UT"
  revision = "0bdeddeeb0f650497d603c4ad7b20cfe685682f6"
  version = "v1.19.1"

[solve-meta]
  analyzer-name = "dep"
  analyzer-version = 1
  input-imports = [
    "github.com/joho/godotenv",
    "github.com/matoous/go-nanoid",
    "github.com/pkg/term/termios",
    "gopkg.in/urfave/cli.v1",
  ]
  solver-name = "gps-cdcl"
  solver-version = 1
